
Microsoft Visual Studio Solution File, Format Version 12.00
# Visual Studio Version 17
VisualStudioVersion = 17.7.34024.191
MinimumVisualStudioVersion = 10.0.40219.1
Project("{FAE04EC0-301F-11D3-BF4B-00C04F79EFBC}") = "WindowsFormsApp2", "WindowsFormsApp2\WindowsFormsApp2.csproj", "{4F9F5970-6750-4A77-9165-4F348A576CCC}"
EndProject
Global
	GlobalSection(SolutionConfigurationPlatforms) = preSolution
		Debug|Any CPU = Debug|Any CPU
		Release|Any CPU = Release|Any CPU
	EndGlobalSection
	GlobalSection(ProjectConfigurationPlatforms) = postSolution
		{4F9F5970-6750-4A77-9165-4F348A576CCC}.Debug|Any CPU.ActiveCfg = Debug|Any CPU
		{4F9F5970-6750-4A77-9165-4F348A576CCC}.Debug|Any CPU.Build.0 = Debug|Any CPU
		{4F9F5970-6750-4A77-9165-4F348A576CCC}.Release|Any CPU.ActiveCfg = Release|Any CPU
		{4F9F5970-6750-4A77-9165-4F348A576CCC}.Release|Any CPU.Build.0 = Release|Any CPU
	EndGlobalSection
	GlobalSection(SolutionProperties) = preSolution
		HideSolutionNode = FALSE
	EndGlobalSection
	GlobalSection(ExtensibilityGlobals) = postSolution
		SolutionGuid = {1A4091FA-BC96-471B-84B9-B1107FDC69C8}
	EndGlobalSection
EndGlobal
